<?xml version="1.0" encoding="utf-8"?>
<Project ToolsVersion="4.0" xmlns="http://schemas.microsoft.com/developer/msbuild/2003">
  <ItemGroup>
    <ClInclude Include="Resource.h">
      <Filter>리소스 파일</Filter>
    </ClInclude>
    <ClInclude Include="Application.h">
      <Filter>소스 파일</Filter>
    </ClInclude>
    <ClInclude Include="pch.h">
      <Filter>소스 파일</Filter>
    </ClInclude>
    <ClInclude Include="TestScene.h">
      <Filter>소스 파일\Scene</Filter>
    </ClInclude>
    <ClInclude Include="TitleScene.h">
      <Filter>소스 파일\Scene</Filter>
    </ClInclude>
    <ClInclude Include="CameraMoveScript.h">
      <Filter>소스 파일\Script</Filter>
    </ClInclude>
    <ClInclude Include="PaperBurnScript.h">
      <Filter>소스 파일\Script</Filter>
    </ClInclude>
    <ClInclude Include="Factory.h">
      <Filter>소스 파일\Manager</Filter>
    </ClInclude>
    <ClInclude Include="CorridorRightMap.h">
      <Filter>소스 파일\Scene\Map</Filter>
    </ClInclude>
    <ClInclude Include="DiningColliderCheckMap.h">
      <Filter>소스 파일\Scene\Map</Filter>
    </ClInclude>
    <ClInclude Include="EntranceHallMap.h">
      <Filter>소스 파일\Scene\Map</Filter>
    </ClInclude>
    <ClInclude Include="GrandmaBossMap.h">
      <Filter>소스 파일\Scene\Map</Filter>
    </ClInclude>
    <ClInclude Include="HallColliderCheckMap.h">
      <Filter>소스 파일\Scene\Map</Filter>
    </ClInclude>
    <ClInclude Include="LeftSecretFightMap.h">
      <Filter>소스 파일\Scene\Map</Filter>
    </ClInclude>
    <ClInclude Include="LeftSecretTrialMap.h">
      <Filter>소스 파일\Scene\Map</Filter>
    </ClInclude>
    <ClInclude Include="MainOfficeMap.h">
      <Filter>소스 파일\Scene\Map</Filter>
    </ClInclude>
    <ClInclude Include="Right2Map.h">
      <Filter>소스 파일\Scene\Map</Filter>
    </ClInclude>
    <ClInclude Include="RightMap.h">
      <Filter>소스 파일\Scene\Map</Filter>
    </ClInclude>
    <ClInclude Include="RightSecretPassageMap.h">
      <Filter>소스 파일\Scene\Map</Filter>
    </ClInclude>
    <ClInclude Include="Map.h">
      <Filter>소스 파일\Scene\Map\Base</Filter>
    </ClInclude>
    <ClInclude Include="PrefabManager.h">
      <Filter>소스 파일\Manager</Filter>
    </ClInclude>
    <ClInclude Include="WallObject.h">
      <Filter>소스 파일\GameObject</Filter>
    </ClInclude>
    <ClInclude Include="DecoObject.h">
      <Filter>소스 파일\GameObject</Filter>
    </ClInclude>
    <ClInclude Include="Ground.h">
      <Filter>소스 파일\GameObject</Filter>
    </ClInclude>
    <ClInclude Include="Player.h">
      <Filter>소스 파일\GameObject\Player</Filter>
    </ClInclude>
    <ClInclude Include="PlayerMoveScript.h">
      <Filter>소스 파일\GameObject\Player\Script</Filter>
    </ClInclude>
    <ClInclude Include="PlayerSlashScript.h">
      <Filter>소스 파일\GameObject\Player\Script</Filter>
    </ClInclude>
    <ClInclude Include="Monster.h">
      <Filter>소스 파일\GameObject\Monster</Filter>
    </ClInclude>
    <ClInclude Include="PlacementScript.h">
      <Filter>소스 파일\Script</Filter>
    </ClInclude>
    <ClInclude Include="TestAnimationScript.h">
      <Filter>소스 파일\Script</Filter>
    </ClInclude>
    <ClInclude Include="RotateKeyScript.h">
      <Filter>소스 파일\Script</Filter>
    </ClInclude>
    <ClInclude Include="Npc.h">
      <Filter>소스 파일\GameObject\Npc</Filter>
    </ClInclude>
    <ClInclude Include="Monster_Player_TestScene.h">
      <Filter>소스 파일\Scene</Filter>
    </ClInclude>
    <ClInclude Include="ClientEnum.h">
      <Filter>소스 파일</Filter>
    </ClInclude>
    <ClInclude Include="State.h">
      <Filter>소스 파일\GameObject\Player\State</Filter>
    </ClInclude>
    <ClInclude Include="IdleState.h">
      <Filter>소스 파일\GameObject\Player\State</Filter>
    </ClInclude>
    <ClInclude Include="AttackState.h">
      <Filter>소스 파일\GameObject\Player\State</Filter>
    </ClInclude>
    <ClInclude Include="EvasionState.h">
      <Filter>소스 파일\GameObject\Player\State</Filter>
    </ClInclude>
    <ClInclude Include="MoveState.h">
      <Filter>소스 파일\GameObject\Player\State</Filter>
    </ClInclude>
    <ClInclude Include="DeadState.h">
      <Filter>소스 파일\GameObject\Player\State</Filter>
    </ClInclude>
    <ClInclude Include="FallDownState.h">
      <Filter>소스 파일\GameObject\Player\State</Filter>
    </ClInclude>
    <ClInclude Include="FallState.h">
      <Filter>소스 파일\GameObject\Player\State</Filter>
    </ClInclude>
    <ClInclude Include="HitStartState.h">
      <Filter>소스 파일\GameObject\Player\State</Filter>
    </ClInclude>
    <ClInclude Include="MagicAttackState.h">
      <Filter>소스 파일\GameObject\Player\State</Filter>
    </ClInclude>
    <ClInclude Include="PauseState.h">
      <Filter>소스 파일\GameObject\Player\State</Filter>
    </ClInclude>
    <ClInclude Include="Grandma.h">
      <Filter>소스 파일\GameObject\Monster\Grandma_Boss</Filter>
    </ClInclude>
    <ClInclude Include="State_Grandma.h">
      <Filter>소스 파일\GameObject\Monster\Grandma_Boss\State</Filter>
    </ClInclude>
    <ClInclude Include="IdleState_Gm.h">
      <Filter>소스 파일\GameObject\Monster\Grandma_Boss\State</Filter>
    </ClInclude>
    <ClInclude Include="PhysicsTestScene.h">
      <Filter>소스 파일\Scene</Filter>
    </ClInclude>
    <ClInclude Include="AngryMotionState_Gm.h">
      <Filter>소스 파일\GameObject\Monster\Grandma_Boss\State</Filter>
    </ClInclude>
    <ClInclude Include="BigTransEndState_Gm.h">
      <Filter>소스 파일\GameObject\Monster\Grandma_Boss\State</Filter>
    </ClInclude>
    <ClInclude Include="BigTransStartState_Gm.h">
      <Filter>소스 파일\GameObject\Monster\Grandma_Boss\State</Filter>
    </ClInclude>
    <ClInclude Include="DeathState_Gm.h">
      <Filter>소스 파일\GameObject\Monster\Grandma_Boss\State</Filter>
    </ClInclude>
    <ClInclude Include="RangeAttack01State_Gm.h">
      <Filter>소스 파일\GameObject\Monster\Grandma_Boss\State</Filter>
    </ClInclude>
    <ClInclude Include="RangeAttack02State_Gm.h">
      <Filter>소스 파일\GameObject\Monster\Grandma_Boss\State</Filter>
    </ClInclude>
    <ClInclude Include="Small_IdleState_Gm.h">
      <Filter>소스 파일\GameObject\Monster\Grandma_Boss\State</Filter>
    </ClInclude>
    <ClInclude Include="SmallAttack01State_Gm.h">
      <Filter>소스 파일\GameObject\Monster\Grandma_Boss\State</Filter>
    </ClInclude>
    <ClInclude Include="SmallTransEndState_Gm.h">
      <Filter>소스 파일\GameObject\Monster\Grandma_Boss\State</Filter>
    </ClInclude>
    <ClInclude Include="SmallTransStartState_Gm.h">
      <Filter>소스 파일\GameObject\Monster\Grandma_Boss\State</Filter>
    </ClInclude>
    <ClInclude Include="SpinEndState_Gm.h">
      <Filter>소스 파일\GameObject\Monster\Grandma_Boss\State</Filter>
    </ClInclude>
    <ClInclude Include="SpinningState_Gm.h">
      <Filter>소스 파일\GameObject\Monster\Grandma_Boss\State</Filter>
    </ClInclude>
    <ClInclude Include="SpinStartState_Gm.h">
      <Filter>소스 파일\GameObject\Monster\Grandma_Boss\State</Filter>
    </ClInclude>
    <ClInclude Include="Teleport_InState_Gm.h">
      <Filter>소스 파일\GameObject\Monster\Grandma_Boss\State</Filter>
    </ClInclude>
    <ClInclude Include="Teleport_OutState_Gm.h">
      <Filter>소스 파일\GameObject\Monster\Grandma_Boss\State</Filter>
    </ClInclude>
    <ClInclude Include="ObstacleObject.h">
      <Filter>소스 파일\GameObject</Filter>
    </ClInclude>
    <ClInclude Include="TestRigidBodyScript.h">
      <Filter>소스 파일\Script</Filter>
    </ClInclude>
    <ClInclude Include="ClimingUpState.h">
      <Filter>소스 파일\GameObject\Player\State</Filter>
    </ClInclude>
    <ClInclude Include="ClimingDownState.h">
      <Filter>소스 파일\GameObject\Player\State</Filter>
    </ClInclude>
    <ClInclude Include="ClimingEndState.h">
      <Filter>소스 파일\GameObject\Player\State</Filter>
    </ClInclude>
    <ClInclude Include="OwnerFollowScript.h">
      <Filter>소스 파일\GameObject\Effect</Filter>
    </ClInclude>
    <ClInclude Include="SwordHeavyEffect.h">
      <Filter>소스 파일\GameObject\Effect</Filter>
    </ClInclude>
    <ClInclude Include="Elevator.h">
      <Filter>소스 파일\GameObject</Filter>
    </ClInclude>
    <ClInclude Include="HeadRoller.h">
      <Filter>소스 파일\GameObject\Monster</Filter>
    </ClInclude>
    <ClInclude Include="SwordScript.h">
      <Filter>소스 파일\GameObject\Player\Script</Filter>
    </ClInclude>
    <ClInclude Include="HitEndState.h">
      <Filter>소스 파일\GameObject\Player\State</Filter>
    </ClInclude>
    <ClInclude Include="HittingState.h">
      <Filter>소스 파일\GameObject\Player\State</Filter>
    </ClInclude>
    <ClInclude Include="Bat.h">
      <Filter>소스 파일\GameObject\Monster</Filter>
    </ClInclude>
    <ClInclude Include="SoulDoor.h" />
    <ClInclude Include="Bus.h" />
    <ClInclude Include="CinematicCamMove.h" />
    <ClInclude Include="PlayerColScript.h">
      <Filter>소스 파일\GameObject\Player\Script</Filter>
    </ClInclude>
    <ClInclude Include="ChangeStateCondition.h">
      <Filter>소스 파일\GameObject\Monster\Node</Filter>
    </ClInclude>
    <ClInclude Include="ChangeStateTask.h">
      <Filter>소스 파일\GameObject\Monster\Node</Filter>
    </ClInclude>
    <ClInclude Include="BowState.h">
      <Filter>소스 파일\GameObject\Player\State</Filter>
    </ClInclude>
    <ClInclude Include="ArrowScript.h">
      <Filter>소스 파일\GameObject\Player\Script</Filter>
    </ClInclude>
    <ClInclude Include="BowScript.h">
      <Filter>소스 파일\GameObject\Player\Script</Filter>
    </ClInclude>
    <ClInclude Include="Ladder.h" />
    <ClInclude Include="Lurker.h">
      <Filter>소스 파일\GameObject\Monster</Filter>
    </ClInclude>
    <ClInclude Include="Mage.h">
      <Filter>소스 파일\GameObject\Monster</Filter>
    </ClInclude>
    <ClInclude Include="LadderCollider.h" />
    <ClInclude Include="InterfaceButtonScript.h">
      <Filter>소스 파일\GameObject\Interface\Script</Filter>
    </ClInclude>
    <ClInclude Include="InterfaceAlphaScript.h">
      <Filter>소스 파일\GameObject\Interface\Script</Filter>
    </ClInclude>
    <ClInclude Include="StartButtonScript.h">
      <Filter>소스 파일\GameObject\Interface\Script\Title</Filter>
    </ClInclude>
    <ClInclude Include="LogoBlinkScript.h">
      <Filter>소스 파일\GameObject\Interface\Script\Title</Filter>
    </ClInclude>
    <ClInclude Include="BonFireScript.h">
      <Filter>소스 파일\Script</Filter>
    </ClInclude>
    <ClInclude Include="MonsterCrackScript.h">
      <Filter>소스 파일\GameObject\Monster\Script</Filter>
    </ClInclude>
    <ClInclude Include="PlayerMoveOverMapScript.h">
      <Filter>소스 파일\Script</Filter>
    </ClInclude>
    <ClInclude Include="MonsterKeyScript.h">
      <Filter>소스 파일\Script</Filter>
    </ClInclude>
    <ClInclude Include="Bus.h">
      <Filter>소스 파일\Object</Filter>
    </ClInclude>
    <ClInclude Include="EtranceHallDoor.h">
      <Filter>소스 파일\Object</Filter>
    </ClInclude>
    <ClInclude Include="FireLamp.h">
      <Filter>소스 파일\Object</Filter>
    </ClInclude>
    <ClInclude Include="JarDoor.h">
      <Filter>소스 파일\Object</Filter>
    </ClInclude>
    <ClInclude Include="KeyDoor.h">
      <Filter>소스 파일\Object</Filter>
    </ClInclude>
    <ClInclude Include="KeyPot.h">
      <Filter>소스 파일\Object</Filter>
    </ClInclude>
    <ClInclude Include="SoulDoor.h">
      <Filter>소스 파일\Object</Filter>
    </ClInclude>
    <ClInclude Include="SpikeDoor.h">
      <Filter>소스 파일\Object</Filter>
    </ClInclude>
    <ClInclude Include="TeleportZone.h">
      <Filter>소스 파일\Object</Filter>
    <ClInclude Include="SpikeDoor.h" />
    <ClInclude Include="MageColScript.h">
      <Filter>소스 파일\GameObject\Monster</Filter>
    </ClInclude>
    <ClInclude Include="Monster_ProjectTile.h">
      <Filter>소스 파일\GameObject\Monster</Filter>
    </ClInclude>
    <ClInclude Include="Mage_ProjectTile.h">
      <Filter>소스 파일\GameObject\Monster</Filter>
    </ClInclude>
    <ClInclude Include="BreakablePot.h" />
    <ClInclude Include="BreakablePotCell.h" />
    <ClInclude Include="Bat.h">
      <Filter>소스 파일\GameObject\Monster</Filter>
    </ClInclude>
    <ClInclude Include="Grimace.h">
      <Filter>소스 파일\GameObject\Monster</Filter>
    </ClInclude>
    <ClInclude Include="MonsterHitScript.h">
      <Filter>소스 파일\GameObject\Monster\Script</Filter>
    </ClInclude>
  </ItemGroup>
  <ItemGroup>
    <ClCompile Include="Application.cpp">
      <Filter>소스 파일</Filter>
    </ClCompile>
    <ClCompile Include="Client.cpp">
      <Filter>소스 파일</Filter>
    </ClCompile>
    <ClCompile Include="pch.cpp">
      <Filter>소스 파일</Filter>
    </ClCompile>
    <ClCompile Include="TestScene.cpp">
      <Filter>소스 파일\Scene</Filter>
    </ClCompile>
    <ClCompile Include="TitleScene.cpp">
      <Filter>소스 파일\Scene</Filter>
    </ClCompile>
    <ClCompile Include="CameraMoveScript.cpp">
      <Filter>소스 파일\Script</Filter>
    </ClCompile>
    <ClCompile Include="PaperBurnScript.cpp">
      <Filter>소스 파일\Script</Filter>
    </ClCompile>
    <ClCompile Include="Factory.cpp">
      <Filter>소스 파일\Manager</Filter>
    </ClCompile>
    <ClCompile Include="CorridorRightMap.cpp">
      <Filter>소스 파일\Scene\Map</Filter>
    </ClCompile>
    <ClCompile Include="DiningColliderCheckMap.cpp">
      <Filter>소스 파일\Scene\Map</Filter>
    </ClCompile>
    <ClCompile Include="EntranceHallMap.cpp">
      <Filter>소스 파일\Scene\Map</Filter>
    </ClCompile>
    <ClCompile Include="GrandmaBossMap.cpp">
      <Filter>소스 파일\Scene\Map</Filter>
    </ClCompile>
    <ClCompile Include="HallColliderCheckMap.cpp">
      <Filter>소스 파일\Scene\Map</Filter>
    </ClCompile>
    <ClCompile Include="LeftSecretFightMap.cpp">
      <Filter>소스 파일\Scene\Map</Filter>
    </ClCompile>
    <ClCompile Include="LeftSecretTrialMap.cpp">
      <Filter>소스 파일\Scene\Map</Filter>
    </ClCompile>
    <ClCompile Include="MainOfficeMap.cpp">
      <Filter>소스 파일\Scene\Map</Filter>
    </ClCompile>
    <ClCompile Include="Right2Map.cpp">
      <Filter>소스 파일\Scene\Map</Filter>
    </ClCompile>
    <ClCompile Include="RightMap.cpp">
      <Filter>소스 파일\Scene\Map</Filter>
    </ClCompile>
    <ClCompile Include="RightSecretPassageMap.cpp">
      <Filter>소스 파일\Scene\Map</Filter>
    </ClCompile>
    <ClCompile Include="Map.cpp">
      <Filter>소스 파일\Scene\Map\Base</Filter>
    </ClCompile>
    <ClCompile Include="PrefabManager.cpp">
      <Filter>소스 파일\Manager</Filter>
    </ClCompile>
    <ClCompile Include="DecoObject.cpp">
      <Filter>소스 파일\GameObject</Filter>
    </ClCompile>
    <ClCompile Include="Ground.cpp">
      <Filter>소스 파일\GameObject</Filter>
    </ClCompile>
    <ClCompile Include="WallObject.cpp">
      <Filter>소스 파일\GameObject</Filter>
    </ClCompile>
    <ClCompile Include="Player.cpp">
      <Filter>소스 파일\GameObject\Player</Filter>
    </ClCompile>
    <ClCompile Include="PlayerMoveScript.cpp">
      <Filter>소스 파일\GameObject\Player\Script</Filter>
    </ClCompile>
    <ClCompile Include="PlayerSlashScript.cpp">
      <Filter>소스 파일\GameObject\Player\Script</Filter>
    </ClCompile>
    <ClCompile Include="Monster.cpp">
      <Filter>소스 파일\GameObject\Monster</Filter>
    </ClCompile>
    <ClCompile Include="PlacementScript.cpp">
      <Filter>소스 파일\Script</Filter>
    </ClCompile>
    <ClCompile Include="TestAnimationScript.cpp">
      <Filter>소스 파일\Script</Filter>
    </ClCompile>
    <ClCompile Include="RotateKeyScript.cpp">
      <Filter>소스 파일\Script</Filter>
    </ClCompile>
    <ClCompile Include="Npc.cpp">
      <Filter>소스 파일\GameObject\Npc</Filter>
    </ClCompile>
    <ClCompile Include="Monster_Player_TestScene.cpp">
      <Filter>소스 파일\Scene</Filter>
    </ClCompile>
    <ClCompile Include="PhysicsTestScene.cpp">
      <Filter>소스 파일\Scene</Filter>
    </ClCompile>
    <ClCompile Include="State.cpp">
      <Filter>소스 파일\GameObject\Player\State</Filter>
    </ClCompile>
    <ClCompile Include="IdleState.cpp">
      <Filter>소스 파일\GameObject\Player\State</Filter>
    </ClCompile>
    <ClCompile Include="AttackState.cpp">
      <Filter>소스 파일\GameObject\Player\State</Filter>
    </ClCompile>
    <ClCompile Include="EvasionState.cpp">
      <Filter>소스 파일\GameObject\Player\State</Filter>
    </ClCompile>
    <ClCompile Include="MoveState.cpp">
      <Filter>소스 파일\GameObject\Player\State</Filter>
    </ClCompile>
    <ClCompile Include="DeadState.cpp">
      <Filter>소스 파일\GameObject\Player\State</Filter>
    </ClCompile>
    <ClCompile Include="FallDownState.cpp">
      <Filter>소스 파일\GameObject\Player\State</Filter>
    </ClCompile>
    <ClCompile Include="FallState.cpp">
      <Filter>소스 파일\GameObject\Player\State</Filter>
    </ClCompile>
    <ClCompile Include="HitStartState.cpp">
      <Filter>소스 파일\GameObject\Player\State</Filter>
    </ClCompile>
    <ClCompile Include="MagicAttackState.cpp">
      <Filter>소스 파일\GameObject\Player\State</Filter>
    </ClCompile>
    <ClCompile Include="PauseState.cpp">
      <Filter>소스 파일\GameObject\Player\State</Filter>
    </ClCompile>
    <ClCompile Include="Grandma.cpp">
      <Filter>소스 파일\GameObject\Monster\Grandma_Boss</Filter>
    </ClCompile>
    <ClCompile Include="State_Grandma.cpp">
      <Filter>소스 파일\GameObject\Monster\Grandma_Boss\State</Filter>
    </ClCompile>
    <ClCompile Include="IdleState_Gm.cpp">
      <Filter>소스 파일\GameObject\Monster\Grandma_Boss\State</Filter>
    </ClCompile>
    <ClCompile Include="AngryMotionState_Gm.cpp">
      <Filter>소스 파일\GameObject\Monster\Grandma_Boss\State</Filter>
    </ClCompile>
    <ClCompile Include="BigTransEndState_Gm.cpp">
      <Filter>소스 파일\GameObject\Monster\Grandma_Boss\State</Filter>
    </ClCompile>
    <ClCompile Include="BigTransStartState_Gm.cpp">
      <Filter>소스 파일\GameObject\Monster\Grandma_Boss\State</Filter>
    </ClCompile>
    <ClCompile Include="DeathState_Gm.cpp">
      <Filter>소스 파일\GameObject\Monster\Grandma_Boss\State</Filter>
    </ClCompile>
    <ClCompile Include="RangeAttack01State_Gm.cpp">
      <Filter>소스 파일\GameObject\Monster\Grandma_Boss\State</Filter>
    </ClCompile>
    <ClCompile Include="RangeAttack02State_Gm.cpp">
      <Filter>소스 파일\GameObject\Monster\Grandma_Boss\State</Filter>
    </ClCompile>
    <ClCompile Include="Small_IdleState_Gm.cpp">
      <Filter>소스 파일\GameObject\Monster\Grandma_Boss\State</Filter>
    </ClCompile>
    <ClCompile Include="SmallAttack01State_Gm.cpp">
      <Filter>소스 파일\GameObject\Monster\Grandma_Boss\State</Filter>
    </ClCompile>
    <ClCompile Include="SmallTransEndState_Gm.cpp">
      <Filter>소스 파일\GameObject\Monster\Grandma_Boss\State</Filter>
    </ClCompile>
    <ClCompile Include="SmallTransStartState_Gm.cpp">
      <Filter>소스 파일\GameObject\Monster\Grandma_Boss\State</Filter>
    </ClCompile>
    <ClCompile Include="SpinEndState_Gm.cpp">
      <Filter>소스 파일\GameObject\Monster\Grandma_Boss\State</Filter>
    </ClCompile>
    <ClCompile Include="SpinningState_Gm.cpp">
      <Filter>소스 파일\GameObject\Monster\Grandma_Boss\State</Filter>
    </ClCompile>
    <ClCompile Include="SpinStartState_Gm.cpp">
      <Filter>소스 파일\GameObject\Monster\Grandma_Boss\State</Filter>
    </ClCompile>
    <ClCompile Include="Teleport_InState_Gm.cpp">
      <Filter>소스 파일\GameObject\Monster\Grandma_Boss\State</Filter>
    </ClCompile>
    <ClCompile Include="Teleport_OutState_Gm.cpp">
      <Filter>소스 파일\GameObject\Monster\Grandma_Boss\State</Filter>
    </ClCompile>
    <ClCompile Include="ObstacleObject.cpp">
      <Filter>소스 파일\GameObject</Filter>
    </ClCompile>
    <ClCompile Include="TestRigidBodyScript.cpp">
      <Filter>소스 파일\Script</Filter>
    </ClCompile>
    <ClCompile Include="ClimingDownState.cpp">
      <Filter>소스 파일\GameObject\Player\State</Filter>
    </ClCompile>
    <ClCompile Include="ClimingEndState.cpp">
      <Filter>소스 파일\GameObject\Player\State</Filter>
    </ClCompile>
    <ClCompile Include="ClimingUpState.cpp">
      <Filter>소스 파일\GameObject\Player\State</Filter>
    </ClCompile>
    <ClCompile Include="OwnerFollowScript.cpp">
      <Filter>소스 파일\GameObject\Effect</Filter>
    </ClCompile>
    <ClCompile Include="SwordHeavyEffect.cpp">
      <Filter>소스 파일\GameObject\Effect</Filter>
    </ClCompile>
    <ClCompile Include="Elevator.cpp">
      <Filter>소스 파일\GameObject</Filter>
    </ClCompile>
    <ClCompile Include="HeadRoller.cpp">
      <Filter>소스 파일\GameObject\Monster</Filter>
    </ClCompile>
    <ClCompile Include="HitEndState.cpp">
      <Filter>소스 파일\GameObject\Player\State</Filter>
    </ClCompile>
    <ClCompile Include="HittingState.cpp">
      <Filter>소스 파일\GameObject\Player\State</Filter>
    </ClCompile>
    <ClCompile Include="ChangeStateCondition.cpp">
      <Filter>소스 파일\GameObject\Monster\Node</Filter>
    </ClCompile>
    <ClCompile Include="Bat.cpp">
      <Filter>소스 파일\GameObject\Monster</Filter>
    </ClCompile>
    <ClCompile Include="CinematicCamMove.cpp" />
    <ClCompile Include="SwordScript.cpp">
      <Filter>소스 파일\GameObject\Player\Script</Filter>
    </ClCompile>
    <ClCompile Include="PlayerColScript.cpp">
      <Filter>소스 파일\GameObject\Player\Script</Filter>
    </ClCompile>
    <ClCompile Include="ChangeStateTask.cpp">
      <Filter>소스 파일\GameObject\Monster\Node</Filter>
    </ClCompile>
    <ClCompile Include="BowState.cpp">
      <Filter>소스 파일\GameObject\Player\State</Filter>
    </ClCompile>
    <ClCompile Include="ArrowScript.cpp">
      <Filter>소스 파일\GameObject\Player\Script</Filter>
    </ClCompile>
    <ClCompile Include="BowScript.cpp">
      <Filter>소스 파일\GameObject\Player\Script</Filter>
    </ClCompile>
    <ClCompile Include="Ladder.cpp" />
    <ClCompile Include="Lurker.cpp">
      <Filter>소스 파일\GameObject\Monster</Filter>
    </ClCompile>
    <ClCompile Include="Mage.cpp">
      <Filter>소스 파일\GameObject\Monster</Filter>
    </ClCompile>
    <ClCompile Include="LadderCollider.cpp" />
    <ClCompile Include="InterfaceAlphaScript.cpp">
      <Filter>소스 파일\GameObject\Interface\Script</Filter>
    </ClCompile>
    <ClCompile Include="InterfaceButtonScript.cpp">
      <Filter>소스 파일\GameObject\Interface\Script</Filter>
    </ClCompile>
    <ClCompile Include="StartButtonScript.cpp">
      <Filter>소스 파일\GameObject\Interface\Script\Title</Filter>
    </ClCompile>
    <ClCompile Include="LogoBlinkScript.cpp">
      <Filter>소스 파일\GameObject\Interface\Script\Title</Filter>
    </ClCompile>
    <ClCompile Include="BonFireScript.cpp">
      <Filter>소스 파일\Script</Filter>
    </ClCompile>
    <ClCompile Include="MonsterCrackScript.cpp">
      <Filter>소스 파일\GameObject\Monster\Script</Filter>
    </ClCompile>
    <ClCompile Include="PlayerMoveOverMapScript.cpp">
      <Filter>소스 파일\Script</Filter>
    </ClCompile>
    <ClCompile Include="MonsterKeyScript.cpp">
      <Filter>소스 파일\Script</Filter>
    </ClCompile>
    <ClCompile Include="Bus.cpp">
      <Filter>소스 파일\Object</Filter>
    </ClCompile>
    <ClCompile Include="EtranceHallDoor.cpp">
      <Filter>소스 파일\Object</Filter>
    </ClCompile>
    <ClCompile Include="FireLamp.cpp">
      <Filter>소스 파일\Object</Filter>
    </ClCompile>
    <ClCompile Include="JarDoor.cpp">
      <Filter>소스 파일\Object</Filter>
    </ClCompile>
    <ClCompile Include="KeyDoor.cpp">
      <Filter>소스 파일\Object</Filter>
    </ClCompile>
    <ClCompile Include="KeyPot.cpp">
      <Filter>소스 파일\Object</Filter>
    </ClCompile>
    <ClCompile Include="SoulDoor.cpp">
      <Filter>소스 파일\Object</Filter>
    </ClCompile>
    <ClCompile Include="SpikeDoor.cpp">
      <Filter>소스 파일\Object</Filter>
    </ClCompile>
    <ClCompile Include="TeleportZone.cpp">
      <Filter>소스 파일\Object</Filter>
    <ClCompile Include="SpikeDoor.cpp" />
    <ClCompile Include="MageColScript.cpp">
      <Filter>소스 파일\GameObject\Monster</Filter>
    </ClCompile>
    <ClCompile Include="Monster_ProjectTile.cpp">
      <Filter>소스 파일\GameObject\Monster</Filter>
    </ClCompile>
    <ClCompile Include="Mage_ProjectTile.cpp">
      <Filter>소스 파일\GameObject\Monster</Filter>
    </ClCompile>
    <ClCompile Include="BreakablePot.cpp" />
    <ClCompile Include="BreakablePotCell.cpp" />
    <ClCompile Include="Grimace.cpp">
      <Filter>소스 파일\GameObject\Monster</Filter>
    </ClCompile>
    <ClCompile Include="MonsterHitScript.cpp">
      <Filter>소스 파일\GameObject\Monster\Script</Filter>
    </ClCompile>
  </ItemGroup>
  <ItemGroup>
    <Image Include="Client.ico">
      <Filter>리소스 파일</Filter>
    </Image>
    <Image Include="small.ico">
      <Filter>리소스 파일</Filter>
    </Image>
  </ItemGroup>
  <ItemGroup>
    <Filter Include="리소스 파일">
      <UniqueIdentifier>{381de2a5-94bf-4c5f-b81c-472a0f46bcac}</UniqueIdentifier>
    </Filter>
    <Filter Include="소스 파일">
      <UniqueIdentifier>{7450d077-4ebb-49af-9d49-a5ca8533c530}</UniqueIdentifier>
    </Filter>
    <Filter Include="소스 파일\GameObject">
      <UniqueIdentifier>{b6b6e4f6-8073-4f79-b7fa-b861efb68b31}</UniqueIdentifier>
    </Filter>
    <Filter Include="소스 파일\Scene">
      <UniqueIdentifier>{2a7fb1ec-e82f-4124-89d1-8ddc1c88ca7f}</UniqueIdentifier>
    </Filter>
    <Filter Include="소스 파일\Script">
      <UniqueIdentifier>{56e5ad59-df91-4103-9be6-6d055176a3ab}</UniqueIdentifier>
    </Filter>
    <Filter Include="소스 파일\Manager">
      <UniqueIdentifier>{6fa5440a-a434-4674-b376-790d5cbe08f1}</UniqueIdentifier>
    </Filter>
    <Filter Include="소스 파일\Scene\Map">
      <UniqueIdentifier>{ea206d79-875a-4ab5-958c-85918a4c722a}</UniqueIdentifier>
    </Filter>
    <Filter Include="소스 파일\Scene\Map\Base">
      <UniqueIdentifier>{38185954-4711-46a8-9cea-178d2bb251bd}</UniqueIdentifier>
    </Filter>
    <Filter Include="소스 파일\GameObject\Player">
      <UniqueIdentifier>{86dc03a9-0f80-4be0-8bd2-e13e5773ae57}</UniqueIdentifier>
    </Filter>
    <Filter Include="소스 파일\GameObject\Player\Script">
      <UniqueIdentifier>{78b435f1-f0ca-40b8-bd3a-13cdfb95cb2b}</UniqueIdentifier>
    </Filter>
    <Filter Include="소스 파일\GameObject\Monster">
      <UniqueIdentifier>{d067465a-5c12-4439-8c1f-afb37bdf64d2}</UniqueIdentifier>
    </Filter>
    <Filter Include="소스 파일\GameObject\Npc">
      <UniqueIdentifier>{8325972f-9790-451c-b075-2346a254e786}</UniqueIdentifier>
    </Filter>
    <Filter Include="소스 파일\GameObject\Player\State">
      <UniqueIdentifier>{b96b57c7-c115-4e3b-ac6f-52785c4f409f}</UniqueIdentifier>
    </Filter>
    <Filter Include="소스 파일\GameObject\Monster\Grandma_Boss">
      <UniqueIdentifier>{42fff264-7830-451d-8ab7-385de20487f0}</UniqueIdentifier>
    </Filter>
    <Filter Include="소스 파일\GameObject\Monster\Grandma_Boss\Script">
      <UniqueIdentifier>{8082225f-eec9-4c0a-8ffd-3f9c31988a0c}</UniqueIdentifier>
    </Filter>
    <Filter Include="소스 파일\GameObject\Monster\Grandma_Boss\State">
      <UniqueIdentifier>{66740e09-23cd-4f24-8b56-2a4b1da49304}</UniqueIdentifier>
    </Filter>
    <Filter Include="소스 파일\GameObject\Effect">
      <UniqueIdentifier>{42c4b81b-5a0c-45e4-bcaa-ea135f7766a4}</UniqueIdentifier>
    </Filter>
    <Filter Include="소스 파일\GameObject\Monster\Node">
      <UniqueIdentifier>{b52b02d9-ae3a-42be-b5b9-b4885039a9b1}</UniqueIdentifier>
    </Filter>
    <Filter Include="소스 파일\GameObject\Interface">
      <UniqueIdentifier>{3bf55c99-64a6-42a7-8df6-7854a2bcff85}</UniqueIdentifier>
    </Filter>
    <Filter Include="소스 파일\GameObject\Interface\Script">
      <UniqueIdentifier>{adc1e21d-edf8-492f-9bae-3005ca1a9c1f}</UniqueIdentifier>
    </Filter>
    <Filter Include="소스 파일\GameObject\Interface\Script\Title">
      <UniqueIdentifier>{67031677-41ab-4b5c-ac5d-888e83c1d9c5}</UniqueIdentifier>
    </Filter>
    <Filter Include="소스 파일\GameObject\Monster\Script">
      <UniqueIdentifier>{b8fda16b-a6d9-4582-96ab-53aa5cd0e10e}</UniqueIdentifier>
    </Filter>
    <Filter Include="소스 파일\Object">
      <UniqueIdentifier>{cc8bc206-4d29-4a60-8673-9b7500030963}</UniqueIdentifier>
    </Filter>
  </ItemGroup>
  <ItemGroup>
    <ResourceCompile Include="Client.rc">
      <Filter>리소스 파일</Filter>
    </ResourceCompile>
  </ItemGroup>
</Project>