<?xml version="1.0" encoding="utf-8"?>
<Project ToolsVersion="4.0" xmlns="http://schemas.microsoft.com/developer/msbuild/2003">
  <ItemGroup>
    <ClInclude Include="Resource.h">
      <Filter>리소스 파일</Filter>
    </ClInclude>
    <ClInclude Include="Application.h">
      <Filter>소스 파일</Filter>
    </ClInclude>
    <ClInclude Include="pch.h">
      <Filter>소스 파일</Filter>
    </ClInclude>
    <ClInclude Include="TestScene.h">
      <Filter>소스 파일\Scene</Filter>
    </ClInclude>
    <ClInclude Include="TitleScene.h">
      <Filter>소스 파일\Scene</Filter>
    </ClInclude>
    <ClInclude Include="CameraMoveScript.h">
      <Filter>소스 파일\Script</Filter>
    </ClInclude>
    <ClInclude Include="PaperBurnScript.h">
      <Filter>소스 파일\Script</Filter>
    </ClInclude>
    <ClInclude Include="Factory.h">
      <Filter>소스 파일\Manager</Filter>
    </ClInclude>
    <ClInclude Include="CorridorRightMap.h">
      <Filter>소스 파일\Scene\Map</Filter>
    </ClInclude>
    <ClInclude Include="DiningColliderCheckMap.h">
      <Filter>소스 파일\Scene\Map</Filter>
    </ClInclude>
    <ClInclude Include="EntranceHallMap.h">
      <Filter>소스 파일\Scene\Map</Filter>
    </ClInclude>
    <ClInclude Include="GrandmaBossMap.h">
      <Filter>소스 파일\Scene\Map</Filter>
    </ClInclude>
    <ClInclude Include="HallColliderCheckMap.h">
      <Filter>소스 파일\Scene\Map</Filter>
    </ClInclude>
    <ClInclude Include="LeftSecretFightMap.h">
      <Filter>소스 파일\Scene\Map</Filter>
    </ClInclude>
    <ClInclude Include="LeftSecretTrialMap.h">
      <Filter>소스 파일\Scene\Map</Filter>
    </ClInclude>
    <ClInclude Include="MainOfficeMap.h">
      <Filter>소스 파일\Scene\Map</Filter>
    </ClInclude>
    <ClInclude Include="Right2Map.h">
      <Filter>소스 파일\Scene\Map</Filter>
    </ClInclude>
    <ClInclude Include="RightMap.h">
      <Filter>소스 파일\Scene\Map</Filter>
    </ClInclude>
    <ClInclude Include="RightSecretPassageMap.h">
      <Filter>소스 파일\Scene\Map</Filter>
    </ClInclude>
    <ClInclude Include="Map.h">
      <Filter>소스 파일\Scene\Map\Base</Filter>
    </ClInclude>
    <ClInclude Include="PrefabManager.h">
      <Filter>소스 파일\Manager</Filter>
    </ClInclude>
    <ClInclude Include="WallObject.h">
      <Filter>소스 파일\GameObject</Filter>
    </ClInclude>
    <ClInclude Include="DecoObject.h">
      <Filter>소스 파일\GameObject</Filter>
    </ClInclude>
    <ClInclude Include="Ground.h">
      <Filter>소스 파일\GameObject</Filter>
    </ClInclude>
    <ClInclude Include="Player.h">
      <Filter>소스 파일\GameObject\Player</Filter>
    </ClInclude>
    <ClInclude Include="PlayerMoveScript.h">
      <Filter>소스 파일\GameObject\Player\Script</Filter>
    </ClInclude>
  </ItemGroup>
  <ItemGroup>
    <ClCompile Include="Application.cpp">
      <Filter>소스 파일</Filter>
    </ClCompile>
    <ClCompile Include="Client.cpp">
      <Filter>소스 파일</Filter>
    </ClCompile>
    <ClCompile Include="pch.cpp">
      <Filter>소스 파일</Filter>
    </ClCompile>
    <ClCompile Include="TestScene.cpp">
      <Filter>소스 파일\Scene</Filter>
    </ClCompile>
    <ClCompile Include="TitleScene.cpp">
      <Filter>소스 파일\Scene</Filter>
    </ClCompile>
    <ClCompile Include="CameraMoveScript.cpp">
      <Filter>소스 파일\Script</Filter>
    </ClCompile>
    <ClCompile Include="PaperBurnScript.cpp">
      <Filter>소스 파일\Script</Filter>
    </ClCompile>
    <ClCompile Include="Factory.cpp">
      <Filter>소스 파일\Manager</Filter>
    </ClCompile>
    <ClCompile Include="CorridorRightMap.cpp">
      <Filter>소스 파일\Scene\Map</Filter>
    </ClCompile>
    <ClCompile Include="DiningColliderCheckMap.cpp">
      <Filter>소스 파일\Scene\Map</Filter>
    </ClCompile>
    <ClCompile Include="EntranceHallMap.cpp">
      <Filter>소스 파일\Scene\Map</Filter>
    </ClCompile>
    <ClCompile Include="GrandmaBossMap.cpp">
      <Filter>소스 파일\Scene\Map</Filter>
    </ClCompile>
    <ClCompile Include="HallColliderCheckMap.cpp">
      <Filter>소스 파일\Scene\Map</Filter>
    </ClCompile>
    <ClCompile Include="LeftSecretFightMap.cpp">
      <Filter>소스 파일\Scene\Map</Filter>
    </ClCompile>
    <ClCompile Include="LeftSecretTrialMap.cpp">
      <Filter>소스 파일\Scene\Map</Filter>
    </ClCompile>
    <ClCompile Include="MainOfficeMap.cpp">
      <Filter>소스 파일\Scene\Map</Filter>
    </ClCompile>
    <ClCompile Include="Right2Map.cpp">
      <Filter>소스 파일\Scene\Map</Filter>
    </ClCompile>
    <ClCompile Include="RightMap.cpp">
      <Filter>소스 파일\Scene\Map</Filter>
    </ClCompile>
    <ClCompile Include="RightSecretPassageMap.cpp">
      <Filter>소스 파일\Scene\Map</Filter>
    </ClCompile>
    <ClCompile Include="Map.cpp">
      <Filter>소스 파일\Scene\Map\Base</Filter>
    </ClCompile>
    <ClCompile Include="PrefabManager.cpp">
      <Filter>소스 파일\Manager</Filter>
    </ClCompile>
    <ClCompile Include="DecoObject.cpp">
      <Filter>소스 파일\GameObject</Filter>
    </ClCompile>
    <ClCompile Include="Ground.cpp">
      <Filter>소스 파일\GameObject</Filter>
    </ClCompile>
    <ClCompile Include="WallObject.cpp">
      <Filter>소스 파일\GameObject</Filter>
    </ClCompile>
    <ClCompile Include="Player.cpp">
      <Filter>소스 파일\GameObject\Player</Filter>
    </ClCompile>
    <ClCompile Include="PlayerMoveScript.cpp">
      <Filter>소스 파일\GameObject\Player\Script</Filter>
    </ClCompile>
  </ItemGroup>
  <ItemGroup>
    <Image Include="Client.ico">
      <Filter>리소스 파일</Filter>
    </Image>
    <Image Include="small.ico">
      <Filter>리소스 파일</Filter>
    </Image>
  </ItemGroup>
  <ItemGroup>
    <Filter Include="리소스 파일">
      <UniqueIdentifier>{381de2a5-94bf-4c5f-b81c-472a0f46bcac}</UniqueIdentifier>
    </Filter>
    <Filter Include="소스 파일">
      <UniqueIdentifier>{7450d077-4ebb-49af-9d49-a5ca8533c530}</UniqueIdentifier>
    </Filter>
    <Filter Include="소스 파일\GameObject">
      <UniqueIdentifier>{b6b6e4f6-8073-4f79-b7fa-b861efb68b31}</UniqueIdentifier>
    </Filter>
    <Filter Include="소스 파일\Scene">
      <UniqueIdentifier>{2a7fb1ec-e82f-4124-89d1-8ddc1c88ca7f}</UniqueIdentifier>
    </Filter>
    <Filter Include="소스 파일\Script">
      <UniqueIdentifier>{56e5ad59-df91-4103-9be6-6d055176a3ab}</UniqueIdentifier>
    </Filter>
    <Filter Include="소스 파일\Manager">
      <UniqueIdentifier>{6fa5440a-a434-4674-b376-790d5cbe08f1}</UniqueIdentifier>
    </Filter>
    <Filter Include="소스 파일\Scene\Map">
      <UniqueIdentifier>{ea206d79-875a-4ab5-958c-85918a4c722a}</UniqueIdentifier>
    </Filter>
    <Filter Include="소스 파일\Scene\Map\Base">
      <UniqueIdentifier>{38185954-4711-46a8-9cea-178d2bb251bd}</UniqueIdentifier>
    </Filter>
    <Filter Include="소스 파일\GameObject\Player">
      <UniqueIdentifier>{86dc03a9-0f80-4be0-8bd2-e13e5773ae57}</UniqueIdentifier>
    </Filter>
    <Filter Include="소스 파일\GameObject\Player\Script">
      <UniqueIdentifier>{78b435f1-f0ca-40b8-bd3a-13cdfb95cb2b}</UniqueIdentifier>
    </Filter>
  </ItemGroup>
  <ItemGroup>
    <ResourceCompile Include="Client.rc">
      <Filter>리소스 파일</Filter>
    </ResourceCompile>
  </ItemGroup>
</Project>